
Microsoft Visual Studio Solution File, Format Version 12.00
# Visual Studio Version 16
VisualStudioVersion = 16.0.32228.343
MinimumVisualStudioVersion = 10.0.40219.1
Project("{9A19103F-16F7-4668-BE54-9A1E7A4F7556}") = "CampIntro", "CampIntro\CampIntro.csproj", "{F8CCEA81-5681-4184-BA32-BE95EA0C94CA}"
EndProject
Project("{9A19103F-16F7-4668-BE54-9A1E7A4F7556}") = "Methotlar", "Methotlar\Methotlar.csproj", "{3A600A88-4107-4C20-99C1-02DFDCCC82DF}"
EndProject
Project("{9A19103F-16F7-4668-BE54-9A1E7A4F7556}") = "Matematik", "Matematik\Matematik.csproj", "{956C95B4-E1F5-4E03-8516-E44B0E8C538C}"
EndProject
Project("{9A19103F-16F7-4668-BE54-9A1E7A4F7556}") = "DegerVeReferansTipler", "DegerVeReferansTipler\DegerVeReferansTipler.csproj", "{ECEFEEC3-F90B-4FB4-9D4E-D2B6F31F8F50}"
EndProject
Project("{9A19103F-16F7-4668-BE54-9A1E7A4F7556}") = "WhyMethods", "WhyMethods\WhyMethods.csproj", "{73414373-F235-46E5-BF57-083A4A546B17}"
EndProject
Project("{9A19103F-16F7-4668-BE54-9A1E7A4F7556}") = "WhyArrays", "WhyArrays\WhyArrays.csproj", "{D4A0F097-ED43-44FC-8D66-61729B47B9D0}"
EndProject
Project("{9A19103F-16F7-4668-BE54-9A1E7A4F7556}") = "ClassMetotDemo", "ClassMetotDemo\ClassMetotDemo.csproj", "{67D0967E-4791-461D-995A-E1F0C7307114}"
EndProject
Project("{FAE04EC0-301F-11D3-BF4B-00C04F79EFBC}") = "OOP1", "OOP1\OOP1.csproj", "{AD5FEAB9-596F-4DE4-80B7-E4431D5DCD4E}"
EndProject
Global
	GlobalSection(SolutionConfigurationPlatforms) = preSolution
		Debug|Any CPU = Debug|Any CPU
		Release|Any CPU = Release|Any CPU
	EndGlobalSection
	GlobalSection(ProjectConfigurationPlatforms) = postSolution
		{F8CCEA81-5681-4184-BA32-BE95EA0C94CA}.Debug|Any CPU.ActiveCfg = Debug|Any CPU
		{F8CCEA81-5681-4184-BA32-BE95EA0C94CA}.Debug|Any CPU.Build.0 = Debug|Any CPU
		{F8CCEA81-5681-4184-BA32-BE95EA0C94CA}.Release|Any CPU.ActiveCfg = Release|Any CPU
		{F8CCEA81-5681-4184-BA32-BE95EA0C94CA}.Release|Any CPU.Build.0 = Release|Any CPU
		{3A600A88-4107-4C20-99C1-02DFDCCC82DF}.Debug|Any CPU.ActiveCfg = Debug|Any CPU
		{3A600A88-4107-4C20-99C1-02DFDCCC82DF}.Debug|Any CPU.Build.0 = Debug|Any CPU
		{3A600A88-4107-4C20-99C1-02DFDCCC82DF}.Release|Any CPU.ActiveCfg = Release|Any CPU
		{3A600A88-4107-4C20-99C1-02DFDCCC82DF}.Release|Any CPU.Build.0 = Release|Any CPU
		{956C95B4-E1F5-4E03-8516-E44B0E8C538C}.Debug|Any CPU.ActiveCfg = Debug|Any CPU
		{956C95B4-E1F5-4E03-8516-E44B0E8C538C}.Debug|Any CPU.Build.0 = Debug|Any CPU
		{956C95B4-E1F5-4E03-8516-E44B0E8C538C}.Release|Any CPU.ActiveCfg = Release|Any CPU
		{956C95B4-E1F5-4E03-8516-E44B0E8C538C}.Release|Any CPU.Build.0 = Release|Any CPU
		{ECEFEEC3-F90B-4FB4-9D4E-D2B6F31F8F50}.Debug|Any CPU.ActiveCfg = Debug|Any CPU
		{ECEFEEC3-F90B-4FB4-9D4E-D2B6F31F8F50}.Debug|Any CPU.Build.0 = Debug|Any CPU
		{ECEFEEC3-F90B-4FB4-9D4E-D2B6F31F8F50}.Release|Any CPU.ActiveCfg = Release|Any CPU
		{ECEFEEC3-F90B-4FB4-9D4E-D2B6F31F8F50}.Release|Any CPU.Build.0 = Release|Any CPU
		{73414373-F235-46E5-BF57-083A4A546B17}.Debug|Any CPU.ActiveCfg = Debug|Any CPU
		{73414373-F235-46E5-BF57-083A4A546B17}.Debug|Any CPU.Build.0 = Debug|Any CPU
		{73414373-F235-46E5-BF57-083A4A546B17}.Release|Any CPU.ActiveCfg = Release|Any CPU
		{73414373-F235-46E5-BF57-083A4A546B17}.Release|Any CPU.Build.0 = Release|Any CPU
		{D4A0F097-ED43-44FC-8D66-61729B47B9D0}.Debug|Any CPU.ActiveCfg = Debug|Any CPU
		{D4A0F097-ED43-44FC-8D66-61729B47B9D0}.Debug|Any CPU.Build.0 = Debug|Any CPU
		{D4A0F097-ED43-44FC-8D66-61729B47B9D0}.Release|Any CPU.ActiveCfg = Release|Any CPU
		{D4A0F097-ED43-44FC-8D66-61729B47B9D0}.Release|Any CPU.Build.0 = Release|Any CPU
		{67D0967E-4791-461D-995A-E1F0C7307114}.Debug|Any CPU.ActiveCfg = Debug|Any CPU
		{67D0967E-4791-461D-995A-E1F0C7307114}.Debug|Any CPU.Build.0 = Debug|Any CPU
		{67D0967E-4791-461D-995A-E1F0C7307114}.Release|Any CPU.ActiveCfg = Release|Any CPU
		{67D0967E-4791-461D-995A-E1F0C7307114}.Release|Any CPU.Build.0 = Release|Any CPU
		{AD5FEAB9-596F-4DE4-80B7-E4431D5DCD4E}.Debug|Any CPU.ActiveCfg = Debug|Any CPU
		{AD5FEAB9-596F-4DE4-80B7-E4431D5DCD4E}.Debug|Any CPU.Build.0 = Debug|Any CPU
		{AD5FEAB9-596F-4DE4-80B7-E4431D5DCD4E}.Release|Any CPU.ActiveCfg = Release|Any CPU
		{AD5FEAB9-596F-4DE4-80B7-E4431D5DCD4E}.Release|Any CPU.Build.0 = Release|Any CPU
	EndGlobalSection
	GlobalSection(SolutionProperties) = preSolution
		HideSolutionNode = FALSE
	EndGlobalSection
	GlobalSection(ExtensibilityGlobals) = postSolution
		SolutionGuid = {71311539-AF3D-4A23-B81E-86A57BBDBCAA}
	EndGlobalSection
EndGlobal
